// !$*UTF8*$!
{
	archiveVersion = 1;
	classes = {
	};
	objectVersion = 51;
	objects = {

/* Begin PBXBuildFile section */
		7D19304425234B7200227843 /* ConversationCellModel.swift in Sources */ = {isa = PBXBuildFile; fileRef = 7D19304325234B7200227843 /* ConversationCellModel.swift */; };
		7D19304725234C1700227843 /* ConfigurableView.swift in Sources */ = {isa = PBXBuildFile; fileRef = 7D19304625234C1700227843 /* ConfigurableView.swift */; };
		7D19304A25234CB000227843 /* ConversationViewCell.swift in Sources */ = {isa = PBXBuildFile; fileRef = 7D19304825234CB000227843 /* ConversationViewCell.swift */; };
		7D19304B25234CB000227843 /* ConversationViewCell.xib in Resources */ = {isa = PBXBuildFile; fileRef = 7D19304925234CB000227843 /* ConversationViewCell.xib */; };
		7D19304E25235C4A00227843 /* ConversationsListViewController.swift in Sources */ = {isa = PBXBuildFile; fileRef = 7D19304D25235C4A00227843 /* ConversationsListViewController.swift */; };
		7D1930552523A51D00227843 /* ConversationViewController.swift in Sources */ = {isa = PBXBuildFile; fileRef = 7D1930532523A51D00227843 /* ConversationViewController.swift */; };
		7D1930592523BDBC00227843 /* ChatViewCell.swift in Sources */ = {isa = PBXBuildFile; fileRef = 7D1930572523BDBC00227843 /* ChatViewCell.swift */; };
		7D19305A2523BDBC00227843 /* ChatViewCell.xib in Resources */ = {isa = PBXBuildFile; fileRef = 7D1930582523BDBC00227843 /* ChatViewCell.xib */; };
		7D19305C2523BDE200227843 /* MessageCellModel.swift in Sources */ = {isa = PBXBuildFile; fileRef = 7D19305B2523BDE200227843 /* MessageCellModel.swift */; };
		7D1C9E9A25655BA200362DD6 /* ImageCellModel.swift in Sources */ = {isa = PBXBuildFile; fileRef = 7D1C9E9925655BA200362DD6 /* ImageCellModel.swift */; };
		7D1C9E9E2565607200362DD6 /* ImageCell.swift in Sources */ = {isa = PBXBuildFile; fileRef = 7D1C9E9C2565607200362DD6 /* ImageCell.swift */; };
		7D1C9E9F2565607200362DD6 /* ImageCell.xib in Resources */ = {isa = PBXBuildFile; fileRef = 7D1C9E9D2565607200362DD6 /* ImageCell.xib */; };
		7D592B702549B36B008B90EC /* Chat.xcdatamodeld in Sources */ = {isa = PBXBuildFile; fileRef = 7D592B6E2549B36B008B90EC /* Chat.xcdatamodeld */; };
		7D592B722549B986008B90EC /* CoreDataStack.swift in Sources */ = {isa = PBXBuildFile; fileRef = 7D592B712549B986008B90EC /* CoreDataStack.swift */; };
		7D592B742549C242008B90EC /* ObjectsExtensions.swift in Sources */ = {isa = PBXBuildFile; fileRef = 7D592B732549C242008B90EC /* ObjectsExtensions.swift */; };
		7D592B76254A0D42008B90EC /* CoreDataManager.swift in Sources */ = {isa = PBXBuildFile; fileRef = 7D592B75254A0D42008B90EC /* CoreDataManager.swift */; };
		7D592B78254B156C008B90EC /* CoreDataStackAsync.swift in Sources */ = {isa = PBXBuildFile; fileRef = 7D592B77254B156C008B90EC /* CoreDataStackAsync.swift */; };
		7D678F3C25641AD5003ABBAB /* ImagesViewController.swift in Sources */ = {isa = PBXBuildFile; fileRef = 7D678F3B25641AD5003ABBAB /* ImagesViewController.swift */; };
		7D678F3E25641AE3003ABBAB /* ImagesView.storyboard in Resources */ = {isa = PBXBuildFile; fileRef = 7D678F3D25641AE3003ABBAB /* ImagesView.storyboard */; };
		7D678F4425642399003ABBAB /* RequestSender.swift in Sources */ = {isa = PBXBuildFile; fileRef = 7D678F4325642399003ABBAB /* RequestSender.swift */; };
		7D678F46256423E8003ABBAB /* IRequest.swift in Sources */ = {isa = PBXBuildFile; fileRef = 7D678F45256423E8003ABBAB /* IRequest.swift */; };
		7D678F482564240C003ABBAB /* IParser.swift in Sources */ = {isa = PBXBuildFile; fileRef = 7D678F472564240C003ABBAB /* IParser.swift */; };
		7D678F4A2564269F003ABBAB /* CodableParser.swift in Sources */ = {isa = PBXBuildFile; fileRef = 7D678F492564269F003ABBAB /* CodableParser.swift */; };
		7D678F4C25643465003ABBAB /* ImagesRequest.swift in Sources */ = {isa = PBXBuildFile; fileRef = 7D678F4B25643465003ABBAB /* ImagesRequest.swift */; };
		7D678F4E25643564003ABBAB /* RequestFactory.swift in Sources */ = {isa = PBXBuildFile; fileRef = 7D678F4D25643564003ABBAB /* RequestFactory.swift */; };
		7D678F50256436D3003ABBAB /* NetManager.swift in Sources */ = {isa = PBXBuildFile; fileRef = 7D678F4F256436D3003ABBAB /* NetManager.swift */; };
		7D755F01253F921A009282BD /* GoogleService-Info.plist in Resources */ = {isa = PBXBuildFile; fileRef = 7D755F00253F921A009282BD /* GoogleService-Info.plist */; };
		7D755F0325409C1C009282BD /* UserIDManager.swift in Sources */ = {isa = PBXBuildFile; fileRef = 7D755F0225409C1C009282BD /* UserIDManager.swift */; };
		7D7C919525193283003D479C /* ProfileView.storyboard in Resources */ = {isa = PBXBuildFile; fileRef = 7D7C919425193283003D479C /* ProfileView.storyboard */; };
		7D7C9197251932D5003D479C /* ProfileViewController.swift in Sources */ = {isa = PBXBuildFile; fileRef = 7D7C9196251932D5003D479C /* ProfileViewController.swift */; };
		7D9BD55A251124FB00C7EFE8 /* AppDelegate.swift in Sources */ = {isa = PBXBuildFile; fileRef = 7D9BD559251124FB00C7EFE8 /* AppDelegate.swift */; };
		7D9BD563251124FE00C7EFE8 /* Assets.xcassets in Resources */ = {isa = PBXBuildFile; fileRef = 7D9BD562251124FE00C7EFE8 /* Assets.xcassets */; };
		7D9BD5922511367400C7EFE8 /* Logger.swift in Sources */ = {isa = PBXBuildFile; fileRef = 7D9BD5912511367400C7EFE8 /* Logger.swift */; };
		7DA599A42536375900B0F078 /* GCDDataManager.swift in Sources */ = {isa = PBXBuildFile; fileRef = 7DA599A32536375900B0F078 /* GCDDataManager.swift */; };
		7DA599A62536376900B0F078 /* OperationDataManager.swift in Sources */ = {isa = PBXBuildFile; fileRef = 7DA599A52536376900B0F078 /* OperationDataManager.swift */; };
		7DA599A82537583200B0F078 /* DataManager.swift in Sources */ = {isa = PBXBuildFile; fileRef = 7DA599A72537583200B0F078 /* DataManager.swift */; };
		7DA851F8255C78B80067448A /* RootAssembly.swift in Sources */ = {isa = PBXBuildFile; fileRef = 7DA851F7255C78B80067448A /* RootAssembly.swift */; };
		7DA851FC255C7C050067448A /* ConversationView.storyboard in Resources */ = {isa = PBXBuildFile; fileRef = 7DA851FB255C7C050067448A /* ConversationView.storyboard */; };
		7DA85204255C833E0067448A /* RootNavigationViewController.swift in Sources */ = {isa = PBXBuildFile; fileRef = 7DA85203255C833E0067448A /* RootNavigationViewController.swift */; };
		7DA85206255C84A80067448A /* ServicesAssembly.swift in Sources */ = {isa = PBXBuildFile; fileRef = 7DA85205255C84A80067448A /* ServicesAssembly.swift */; };
		7DA85207255C8B090067448A /* LaunchScreen.storyboard in Resources */ = {isa = PBXBuildFile; fileRef = 7D9BD564251124FE00C7EFE8 /* LaunchScreen.storyboard */; };
		7DA85208255C8B100067448A /* Main.storyboard in Resources */ = {isa = PBXBuildFile; fileRef = 7D9BD55F251124FB00C7EFE8 /* Main.storyboard */; };
		7DA8520F255CB1020067448A /* ChatModel.swift in Sources */ = {isa = PBXBuildFile; fileRef = 7DA8520E255CB1020067448A /* ChatModel.swift */; };
		7DA85211255DB0B70067448A /* ChatListModel.swift in Sources */ = {isa = PBXBuildFile; fileRef = 7DA85210255DB0B70067448A /* ChatListModel.swift */; };
		7DA85213255DB7400067448A /* CoreAssembly.swift in Sources */ = {isa = PBXBuildFile; fileRef = 7DA85212255DB7400067448A /* CoreAssembly.swift */; };
		7DA85215255DBF9E0067448A /* UserIDSaver.swift in Sources */ = {isa = PBXBuildFile; fileRef = 7DA85214255DBF9E0067448A /* UserIDSaver.swift */; };
		7DA85217255DBFB70067448A /* ThemeSaver.swift in Sources */ = {isa = PBXBuildFile; fileRef = 7DA85216255DBFB70067448A /* ThemeSaver.swift */; };
		7DB00D76252D0FF500DE922A /* ThemesViewController.swift in Sources */ = {isa = PBXBuildFile; fileRef = 7DB00D74252D0FF500DE922A /* ThemesViewController.swift */; };
		7DB00D79252D105400DE922A /* ThemesView.storyboard in Resources */ = {isa = PBXBuildFile; fileRef = 7DB00D78252D105400DE922A /* ThemesView.storyboard */; };
		7DB00D7B252D1FFB00DE922A /* ThemesPickerDelegate.swift in Sources */ = {isa = PBXBuildFile; fileRef = 7DB00D7A252D1FFB00DE922A /* ThemesPickerDelegate.swift */; };
		7DB00D7E252D8B1100DE922A /* ThemeManager.swift in Sources */ = {isa = PBXBuildFile; fileRef = 7DB00D7D252D8B1100DE922A /* ThemeManager.swift */; };
		7DDCAC102551BE5800C2E0C2 /* TableViewDataSource.swift in Sources */ = {isa = PBXBuildFile; fileRef = 7DDCAC0F2551BE5800C2E0C2 /* TableViewDataSource.swift */; };
		A1E58E10EA8C6E9A637FA558 /* Pods_TinkoffApp.framework in Frameworks */ = {isa = PBXBuildFile; fileRef = 162272FA29550287C5B7CC60 /* Pods_TinkoffApp.framework */; };
/* End PBXBuildFile section */

/* Begin PBXFileReference section */
		162272FA29550287C5B7CC60 /* Pods_TinkoffApp.framework */ = {isa = PBXFileReference; explicitFileType = wrapper.framework; includeInIndex = 0; path = Pods_TinkoffApp.framework; sourceTree = BUILT_PRODUCTS_DIR; };
		7D19304325234B7200227843 /* ConversationCellModel.swift */ = {isa = PBXFileReference; lastKnownFileType = sourcecode.swift; path = ConversationCellModel.swift; sourceTree = "<group>"; };
		7D19304625234C1700227843 /* ConfigurableView.swift */ = {isa = PBXFileReference; lastKnownFileType = sourcecode.swift; path = ConfigurableView.swift; sourceTree = "<group>"; };
		7D19304825234CB000227843 /* ConversationViewCell.swift */ = {isa = PBXFileReference; lastKnownFileType = sourcecode.swift; path = ConversationViewCell.swift; sourceTree = "<group>"; };
		7D19304925234CB000227843 /* ConversationViewCell.xib */ = {isa = PBXFileReference; lastKnownFileType = file.xib; path = ConversationViewCell.xib; sourceTree = "<group>"; };
		7D19304D25235C4A00227843 /* ConversationsListViewController.swift */ = {isa = PBXFileReference; lastKnownFileType = sourcecode.swift; path = ConversationsListViewController.swift; sourceTree = "<group>"; };
		7D1930532523A51D00227843 /* ConversationViewController.swift */ = {isa = PBXFileReference; lastKnownFileType = sourcecode.swift; path = ConversationViewController.swift; sourceTree = "<group>"; };
		7D1930572523BDBC00227843 /* ChatViewCell.swift */ = {isa = PBXFileReference; lastKnownFileType = sourcecode.swift; path = ChatViewCell.swift; sourceTree = "<group>"; };
		7D1930582523BDBC00227843 /* ChatViewCell.xib */ = {isa = PBXFileReference; lastKnownFileType = file.xib; path = ChatViewCell.xib; sourceTree = "<group>"; };
		7D19305B2523BDE200227843 /* MessageCellModel.swift */ = {isa = PBXFileReference; lastKnownFileType = sourcecode.swift; path = MessageCellModel.swift; sourceTree = "<group>"; };
		7D1C9E9925655BA200362DD6 /* ImageCellModel.swift */ = {isa = PBXFileReference; lastKnownFileType = sourcecode.swift; path = ImageCellModel.swift; sourceTree = "<group>"; };
		7D1C9E9C2565607200362DD6 /* ImageCell.swift */ = {isa = PBXFileReference; lastKnownFileType = sourcecode.swift; path = ImageCell.swift; sourceTree = "<group>"; };
		7D1C9E9D2565607200362DD6 /* ImageCell.xib */ = {isa = PBXFileReference; lastKnownFileType = file.xib; path = ImageCell.xib; sourceTree = "<group>"; };
		7D592B6F2549B36B008B90EC /* Chat.xcdatamodel */ = {isa = PBXFileReference; lastKnownFileType = wrapper.xcdatamodel; path = Chat.xcdatamodel; sourceTree = "<group>"; };
		7D592B712549B986008B90EC /* CoreDataStack.swift */ = {isa = PBXFileReference; lastKnownFileType = sourcecode.swift; path = CoreDataStack.swift; sourceTree = "<group>"; };
		7D592B732549C242008B90EC /* ObjectsExtensions.swift */ = {isa = PBXFileReference; lastKnownFileType = sourcecode.swift; path = ObjectsExtensions.swift; sourceTree = "<group>"; };
		7D592B75254A0D42008B90EC /* CoreDataManager.swift */ = {isa = PBXFileReference; lastKnownFileType = sourcecode.swift; path = CoreDataManager.swift; sourceTree = "<group>"; xcLanguageSpecificationIdentifier = xcode.lang.swift; };
		7D592B77254B156C008B90EC /* CoreDataStackAsync.swift */ = {isa = PBXFileReference; lastKnownFileType = sourcecode.swift; path = CoreDataStackAsync.swift; sourceTree = "<group>"; };
		7D678F3B25641AD5003ABBAB /* ImagesViewController.swift */ = {isa = PBXFileReference; lastKnownFileType = sourcecode.swift; path = ImagesViewController.swift; sourceTree = "<group>"; };
		7D678F3D25641AE3003ABBAB /* ImagesView.storyboard */ = {isa = PBXFileReference; lastKnownFileType = file.storyboard; path = ImagesView.storyboard; sourceTree = "<group>"; };
		7D678F4325642399003ABBAB /* RequestSender.swift */ = {isa = PBXFileReference; lastKnownFileType = sourcecode.swift; path = RequestSender.swift; sourceTree = "<group>"; };
		7D678F45256423E8003ABBAB /* IRequest.swift */ = {isa = PBXFileReference; lastKnownFileType = sourcecode.swift; path = IRequest.swift; sourceTree = "<group>"; };
		7D678F472564240C003ABBAB /* IParser.swift */ = {isa = PBXFileReference; lastKnownFileType = sourcecode.swift; path = IParser.swift; sourceTree = "<group>"; };
		7D678F492564269F003ABBAB /* CodableParser.swift */ = {isa = PBXFileReference; lastKnownFileType = sourcecode.swift; path = CodableParser.swift; sourceTree = "<group>"; };
		7D678F4B25643465003ABBAB /* ImagesRequest.swift */ = {isa = PBXFileReference; lastKnownFileType = sourcecode.swift; path = ImagesRequest.swift; sourceTree = "<group>"; };
		7D678F4D25643564003ABBAB /* RequestFactory.swift */ = {isa = PBXFileReference; lastKnownFileType = sourcecode.swift; path = RequestFactory.swift; sourceTree = "<group>"; };
		7D678F4F256436D3003ABBAB /* NetManager.swift */ = {isa = PBXFileReference; lastKnownFileType = sourcecode.swift; path = NetManager.swift; sourceTree = "<group>"; };
		7D755F00253F921A009282BD /* GoogleService-Info.plist */ = {isa = PBXFileReference; lastKnownFileType = text.plist; path = "GoogleService-Info.plist"; sourceTree = SOURCE_ROOT; };
		7D755F0225409C1C009282BD /* UserIDManager.swift */ = {isa = PBXFileReference; lastKnownFileType = sourcecode.swift; path = UserIDManager.swift; sourceTree = "<group>"; };
		7D7C919425193283003D479C /* ProfileView.storyboard */ = {isa = PBXFileReference; lastKnownFileType = file.storyboard; path = ProfileView.storyboard; sourceTree = "<group>"; };
		7D7C9196251932D5003D479C /* ProfileViewController.swift */ = {isa = PBXFileReference; lastKnownFileType = sourcecode.swift; path = ProfileViewController.swift; sourceTree = "<group>"; };
		7D9BD556251124FB00C7EFE8 /* TinkoffApp.app */ = {isa = PBXFileReference; explicitFileType = wrapper.application; includeInIndex = 0; path = TinkoffApp.app; sourceTree = BUILT_PRODUCTS_DIR; };
		7D9BD559251124FB00C7EFE8 /* AppDelegate.swift */ = {isa = PBXFileReference; lastKnownFileType = sourcecode.swift; path = AppDelegate.swift; sourceTree = "<group>"; };
		7D9BD560251124FB00C7EFE8 /* Base */ = {isa = PBXFileReference; lastKnownFileType = file.storyboard; name = Base; path = Base.lproj/Main.storyboard; sourceTree = "<group>"; };
		7D9BD562251124FE00C7EFE8 /* Assets.xcassets */ = {isa = PBXFileReference; lastKnownFileType = folder.assetcatalog; path = Assets.xcassets; sourceTree = "<group>"; };
		7D9BD565251124FE00C7EFE8 /* Base */ = {isa = PBXFileReference; lastKnownFileType = file.storyboard; name = Base; path = Base.lproj/LaunchScreen.storyboard; sourceTree = "<group>"; };
		7D9BD567251124FE00C7EFE8 /* Info.plist */ = {isa = PBXFileReference; lastKnownFileType = text.plist.xml; path = Info.plist; sourceTree = "<group>"; };
		7D9BD5912511367400C7EFE8 /* Logger.swift */ = {isa = PBXFileReference; lastKnownFileType = sourcecode.swift; path = Logger.swift; sourceTree = "<group>"; };
		7DA599A32536375900B0F078 /* GCDDataManager.swift */ = {isa = PBXFileReference; lastKnownFileType = sourcecode.swift; path = GCDDataManager.swift; sourceTree = "<group>"; };
		7DA599A52536376900B0F078 /* OperationDataManager.swift */ = {isa = PBXFileReference; lastKnownFileType = sourcecode.swift; path = OperationDataManager.swift; sourceTree = "<group>"; };
		7DA599A72537583200B0F078 /* DataManager.swift */ = {isa = PBXFileReference; lastKnownFileType = sourcecode.swift; path = DataManager.swift; sourceTree = "<group>"; };
		7DA851F7255C78B80067448A /* RootAssembly.swift */ = {isa = PBXFileReference; lastKnownFileType = sourcecode.swift; path = RootAssembly.swift; sourceTree = "<group>"; };
		7DA851FB255C7C050067448A /* ConversationView.storyboard */ = {isa = PBXFileReference; lastKnownFileType = file.storyboard; path = ConversationView.storyboard; sourceTree = "<group>"; };
		7DA85203255C833E0067448A /* RootNavigationViewController.swift */ = {isa = PBXFileReference; lastKnownFileType = sourcecode.swift; path = RootNavigationViewController.swift; sourceTree = "<group>"; };
		7DA85205255C84A80067448A /* ServicesAssembly.swift */ = {isa = PBXFileReference; lastKnownFileType = sourcecode.swift; path = ServicesAssembly.swift; sourceTree = "<group>"; };
		7DA8520E255CB1020067448A /* ChatModel.swift */ = {isa = PBXFileReference; lastKnownFileType = sourcecode.swift; path = ChatModel.swift; sourceTree = "<group>"; };
		7DA85210255DB0B70067448A /* ChatListModel.swift */ = {isa = PBXFileReference; lastKnownFileType = sourcecode.swift; path = ChatListModel.swift; sourceTree = "<group>"; };
		7DA85212255DB7400067448A /* CoreAssembly.swift */ = {isa = PBXFileReference; lastKnownFileType = sourcecode.swift; path = CoreAssembly.swift; sourceTree = "<group>"; };
		7DA85214255DBF9E0067448A /* UserIDSaver.swift */ = {isa = PBXFileReference; lastKnownFileType = sourcecode.swift; path = UserIDSaver.swift; sourceTree = "<group>"; };
		7DA85216255DBFB70067448A /* ThemeSaver.swift */ = {isa = PBXFileReference; lastKnownFileType = sourcecode.swift; path = ThemeSaver.swift; sourceTree = "<group>"; };
		7DB00D74252D0FF500DE922A /* ThemesViewController.swift */ = {isa = PBXFileReference; lastKnownFileType = sourcecode.swift; path = ThemesViewController.swift; sourceTree = "<group>"; };
		7DB00D78252D105400DE922A /* ThemesView.storyboard */ = {isa = PBXFileReference; lastKnownFileType = file.storyboard; path = ThemesView.storyboard; sourceTree = "<group>"; };
		7DB00D7A252D1FFB00DE922A /* ThemesPickerDelegate.swift */ = {isa = PBXFileReference; lastKnownFileType = sourcecode.swift; path = ThemesPickerDelegate.swift; sourceTree = "<group>"; };
		7DB00D7D252D8B1100DE922A /* ThemeManager.swift */ = {isa = PBXFileReference; lastKnownFileType = sourcecode.swift; path = ThemeManager.swift; sourceTree = "<group>"; };
		7DDCAC0F2551BE5800C2E0C2 /* TableViewDataSource.swift */ = {isa = PBXFileReference; lastKnownFileType = sourcecode.swift; path = TableViewDataSource.swift; sourceTree = "<group>"; };
		A03CBAFF21F65724AAFB0499 /* Pods-TinkoffApp.debug.xcconfig */ = {isa = PBXFileReference; includeInIndex = 1; lastKnownFileType = text.xcconfig; name = "Pods-TinkoffApp.debug.xcconfig"; path = "Target Support Files/Pods-TinkoffApp/Pods-TinkoffApp.debug.xcconfig"; sourceTree = "<group>"; };
		D185DB1554DE31DB1EFD7DBF /* Pods-TinkoffApp.release.xcconfig */ = {isa = PBXFileReference; includeInIndex = 1; lastKnownFileType = text.xcconfig; name = "Pods-TinkoffApp.release.xcconfig"; path = "Target Support Files/Pods-TinkoffApp/Pods-TinkoffApp.release.xcconfig"; sourceTree = "<group>"; };
/* End PBXFileReference section */

/* Begin PBXFrameworksBuildPhase section */
		7D9BD553251124FB00C7EFE8 /* Frameworks */ = {
			isa = PBXFrameworksBuildPhase;
			buildActionMask = 2147483647;
			files = (
				A1E58E10EA8C6E9A637FA558 /* Pods_TinkoffApp.framework in Frameworks */,
			);
			runOnlyForDeploymentPostprocessing = 0;
		};
/* End PBXFrameworksBuildPhase section */

/* Begin PBXGroup section */
		02398CD07EE8DF27352A8C4B /* Pods */ = {
			isa = PBXGroup;
			children = (
				A03CBAFF21F65724AAFB0499 /* Pods-TinkoffApp.debug.xcconfig */,
				D185DB1554DE31DB1EFD7DBF /* Pods-TinkoffApp.release.xcconfig */,
			);
			path = Pods;
			sourceTree = "<group>";
		};
		7D19304225234B4A00227843 /* Data Models */ = {
			isa = PBXGroup;
			children = (
				7D19304325234B7200227843 /* ConversationCellModel.swift */,
				7D19305B2523BDE200227843 /* MessageCellModel.swift */,
				7D1C9E9925655BA200362DD6 /* ImageCellModel.swift */,
			);
			path = "Data Models";
			sourceTree = "<group>";
		};
		7D19304525234BFF00227843 /* Protocols */ = {
			isa = PBXGroup;
			children = (
				7D19304625234C1700227843 /* ConfigurableView.swift */,
				7DB00D7A252D1FFB00DE922A /* ThemesPickerDelegate.swift */,
			);
			path = Protocols;
			sourceTree = "<group>";
		};
		7D19304C252350FF00227843 /* Cells */ = {
			isa = PBXGroup;
			children = (
				7D1C9E9B2565604D00362DD6 /* ImageCell */,
				7DA85202255C80340067448A /* ChatViewCell */,
				7DA85201255C801F0067448A /* ConversationViewCell */,
			);
			path = Cells;
			sourceTree = "<group>";
		};
		7D1C9E9B2565604D00362DD6 /* ImageCell */ = {
			isa = PBXGroup;
			children = (
				7D1C9E9C2565607200362DD6 /* ImageCell.swift */,
				7D1C9E9D2565607200362DD6 /* ImageCell.xib */,
			);
			path = ImageCell;
			sourceTree = "<group>";
		};
		7D592B6D2549B353008B90EC /* CoreData */ = {
			isa = PBXGroup;
			children = (
				7D592B6E2549B36B008B90EC /* Chat.xcdatamodeld */,
				7D592B712549B986008B90EC /* CoreDataStack.swift */,
				7D592B732549C242008B90EC /* ObjectsExtensions.swift */,
				7D592B77254B156C008B90EC /* CoreDataStackAsync.swift */,
			);
			path = CoreData;
			sourceTree = "<group>";
		};
		7D678F3A25641A96003ABBAB /* ImagesViewController */ = {
			isa = PBXGroup;
			children = (
				7D678F3B25641AD5003ABBAB /* ImagesViewController.swift */,
				7D678F3D25641AE3003ABBAB /* ImagesView.storyboard */,
			);
			path = ImagesViewController;
			sourceTree = "<group>";
		};
		7D678F3F25641D64003ABBAB /* Networking */ = {
			isa = PBXGroup;
			children = (
				7D678F4225642335003ABBAB /* Requests */,
				7D678F4125642328003ABBAB /* RequestManager */,
				7D678F4025642320003ABBAB /* Parsers */,
				7D678F4D25643564003ABBAB /* RequestFactory.swift */,
			);
			path = Networking;
			sourceTree = "<group>";
		};
		7D678F4025642320003ABBAB /* Parsers */ = {
			isa = PBXGroup;
			children = (
				7D678F472564240C003ABBAB /* IParser.swift */,
				7D678F492564269F003ABBAB /* CodableParser.swift */,
			);
			path = Parsers;
			sourceTree = "<group>";
		};
		7D678F4125642328003ABBAB /* RequestManager */ = {
			isa = PBXGroup;
			children = (
				7D678F4325642399003ABBAB /* RequestSender.swift */,
			);
			path = RequestManager;
			sourceTree = "<group>";
		};
		7D678F4225642335003ABBAB /* Requests */ = {
			isa = PBXGroup;
			children = (
				7D678F45256423E8003ABBAB /* IRequest.swift */,
				7D678F4B25643465003ABBAB /* ImagesRequest.swift */,
			);
			path = Requests;
			sourceTree = "<group>";
		};
		7D9BD54D251124FB00C7EFE8 = {
			isa = PBXGroup;
			children = (
				7D9BD558251124FB00C7EFE8 /* TinkoffApp */,
				7D9BD557251124FB00C7EFE8 /* Products */,
				02398CD07EE8DF27352A8C4B /* Pods */,
				CCE0682EDC0CACC5B503DEA4 /* Frameworks */,
			);
			sourceTree = "<group>";
		};
		7D9BD557251124FB00C7EFE8 /* Products */ = {
			isa = PBXGroup;
			children = (
				7D9BD556251124FB00C7EFE8 /* TinkoffApp.app */,
			);
			name = Products;
			sourceTree = "<group>";
		};
		7D9BD558251124FB00C7EFE8 /* TinkoffApp */ = {
			isa = PBXGroup;
			children = (
				7D755F00253F921A009282BD /* GoogleService-Info.plist */,
				7D9BD567251124FE00C7EFE8 /* Info.plist */,
				7D9BD559251124FB00C7EFE8 /* AppDelegate.swift */,
				7DA851F7255C78B80067448A /* RootAssembly.swift */,
				7D9BD562251124FE00C7EFE8 /* Assets.xcassets */,
				7DA851F1255C74F40067448A /* CoreLayer */,
				7D9BD564251124FE00C7EFE8 /* LaunchScreen.storyboard */,
				7DA851EF255C73D90067448A /* PresentationLayer */,
				7DA851F0255C73F90067448A /* ServiceLayer */,
				7DA851F2255C75080067448A /* Supporting Files */,
			);
			path = TinkoffApp;
			sourceTree = "<group>";
		};
		7DA851EF255C73D90067448A /* PresentationLayer */ = {
			isa = PBXGroup;
			children = (
				7DA851F6255C75E30067448A /* Modules */,
			);
			path = PresentationLayer;
			sourceTree = "<group>";
		};
		7DA851F0255C73F90067448A /* ServiceLayer */ = {
			isa = PBXGroup;
			children = (
				7D9BD5912511367400C7EFE8 /* Logger.swift */,
				7DA851F4255C75B40067448A /* Assembly */,
				7DB00D7C252D8AEB00DE922A /* Services */,
			);
			path = ServiceLayer;
			sourceTree = "<group>";
		};
		7DA851F1255C74F40067448A /* CoreLayer */ = {
			isa = PBXGroup;
			children = (
				7D678F3F25641D64003ABBAB /* Networking */,
				7DA8520B255C9F670067448A /* Data */,
				7DA851F5255C75C20067448A /* Assembly */,
			);
			path = CoreLayer;
			sourceTree = "<group>";
		};
		7DA851F2255C75080067448A /* Supporting Files */ = {
			isa = PBXGroup;
			children = (
				7D19304225234B4A00227843 /* Data Models */,
			);
			path = "Supporting Files";
			sourceTree = "<group>";
		};
		7DA851F4255C75B40067448A /* Assembly */ = {
			isa = PBXGroup;
			children = (
				7DA85205255C84A80067448A /* ServicesAssembly.swift */,
			);
			path = Assembly;
			sourceTree = "<group>";
		};
		7DA851F5255C75C20067448A /* Assembly */ = {
			isa = PBXGroup;
			children = (
				7DA85212255DB7400067448A /* CoreAssembly.swift */,
			);
			path = Assembly;
			sourceTree = "<group>";
		};
		7DA851F6255C75E30067448A /* Modules */ = {
			isa = PBXGroup;
			children = (
				7D678F3A25641A96003ABBAB /* ImagesViewController */,
				7DA8520D255C9FD20067448A /* Supporting Files */,
				7D19304525234BFF00227843 /* Protocols */,
				7D19304C252350FF00227843 /* Cells */,
				7DA85200255C7F3A0067448A /* ThemesViewController */,
				7DA851FF255C7F1F0067448A /* ConversationViewController */,
				7DA851FE255C7EF70067448A /* ProfileViewController */,
				7DA851FD255C7EB80067448A /* ConversationsListViewController */,
			);
			path = Modules;
			sourceTree = "<group>";
		};
		7DA851FD255C7EB80067448A /* ConversationsListViewController */ = {
			isa = PBXGroup;
			children = (
				7D19304D25235C4A00227843 /* ConversationsListViewController.swift */,
				7D9BD55F251124FB00C7EFE8 /* Main.storyboard */,
				7DA85203255C833E0067448A /* RootNavigationViewController.swift */,
				7DA85210255DB0B70067448A /* ChatListModel.swift */,
			);
			path = ConversationsListViewController;
			sourceTree = "<group>";
		};
		7DA851FE255C7EF70067448A /* ProfileViewController */ = {
			isa = PBXGroup;
			children = (
				7D7C919425193283003D479C /* ProfileView.storyboard */,
				7D7C9196251932D5003D479C /* ProfileViewController.swift */,
			);
			path = ProfileViewController;
			sourceTree = "<group>";
		};
		7DA851FF255C7F1F0067448A /* ConversationViewController */ = {
			isa = PBXGroup;
			children = (
				7D1930532523A51D00227843 /* ConversationViewController.swift */,
				7DA851FB255C7C050067448A /* ConversationView.storyboard */,
				7DA8520E255CB1020067448A /* ChatModel.swift */,
			);
			path = ConversationViewController;
			sourceTree = "<group>";
		};
		7DA85200255C7F3A0067448A /* ThemesViewController */ = {
			isa = PBXGroup;
			children = (
				7DB00D74252D0FF500DE922A /* ThemesViewController.swift */,
				7DB00D78252D105400DE922A /* ThemesView.storyboard */,
			);
			path = ThemesViewController;
			sourceTree = "<group>";
		};
		7DA85201255C801F0067448A /* ConversationViewCell */ = {
			isa = PBXGroup;
			children = (
				7D19304825234CB000227843 /* ConversationViewCell.swift */,
				7D19304925234CB000227843 /* ConversationViewCell.xib */,
			);
			path = ConversationViewCell;
			sourceTree = "<group>";
		};
		7DA85202255C80340067448A /* ChatViewCell */ = {
			isa = PBXGroup;
			children = (
				7D1930572523BDBC00227843 /* ChatViewCell.swift */,
				7D1930582523BDBC00227843 /* ChatViewCell.xib */,
			);
			path = ChatViewCell;
			sourceTree = "<group>";
		};
		7DA8520B255C9F670067448A /* Data */ = {
			isa = PBXGroup;
			children = (
				7DA8520C255C9F7E0067448A /* LocaleData */,
				7D592B6D2549B353008B90EC /* CoreData */,
			);
			path = Data;
			sourceTree = "<group>";
		};
		7DA8520C255C9F7E0067448A /* LocaleData */ = {
			isa = PBXGroup;
			children = (
				7DA599A72537583200B0F078 /* DataManager.swift */,
				7DA85214255DBF9E0067448A /* UserIDSaver.swift */,
				7DA85216255DBFB70067448A /* ThemeSaver.swift */,
			);
			path = LocaleData;
			sourceTree = "<group>";
		};
		7DA8520D255C9FD20067448A /* Supporting Files */ = {
			isa = PBXGroup;
			children = (
				7DDCAC0F2551BE5800C2E0C2 /* TableViewDataSource.swift */,
			);
			path = "Supporting Files";
			sourceTree = "<group>";
		};
		7DB00D7C252D8AEB00DE922A /* Services */ = {
			isa = PBXGroup;
			children = (
				7DA599A32536375900B0F078 /* GCDDataManager.swift */,
				7DA599A52536376900B0F078 /* OperationDataManager.swift */,
				7DB00D7D252D8B1100DE922A /* ThemeManager.swift */,
				7D755F0225409C1C009282BD /* UserIDManager.swift */,
				7D592B75254A0D42008B90EC /* CoreDataManager.swift */,
				7D678F4F256436D3003ABBAB /* NetManager.swift */,
			);
			path = Services;
			sourceTree = "<group>";
		};
		CCE0682EDC0CACC5B503DEA4 /* Frameworks */ = {
			isa = PBXGroup;
			children = (
				162272FA29550287C5B7CC60 /* Pods_TinkoffApp.framework */,
			);
			name = Frameworks;
			sourceTree = "<group>";
		};
/* End PBXGroup section */

/* Begin PBXNativeTarget section */
		7D9BD555251124FB00C7EFE8 /* TinkoffApp */ = {
			isa = PBXNativeTarget;
			buildConfigurationList = 7D9BD56A251124FE00C7EFE8 /* Build configuration list for PBXNativeTarget "TinkoffApp" */;
			buildPhases = (
				D17510E678401CADB938935B /* [CP] Check Pods Manifest.lock */,
				7D9BD552251124FB00C7EFE8 /* Sources */,
				7D9BD553251124FB00C7EFE8 /* Frameworks */,
				7D9BD554251124FB00C7EFE8 /* Resources */,
				7D755EFF253F7D9D009282BD /* ShellScript */,
				47090BAADA9A71BCCFC68330 /* [CP] Embed Pods Frameworks */,
			);
			buildRules = (
			);
			dependencies = (
			);
			name = TinkoffApp;
			productName = TinkoffApp;
			productReference = 7D9BD556251124FB00C7EFE8 /* TinkoffApp.app */;
			productType = "com.apple.product-type.application";
		};
/* End PBXNativeTarget section */

/* Begin PBXProject section */
		7D9BD54E251124FB00C7EFE8 /* Project object */ = {
			isa = PBXProject;
			attributes = {
				LastSwiftUpdateCheck = 1160;
				LastUpgradeCheck = 1160;
				ORGANIZATIONNAME = Tinkoff;
				TargetAttributes = {
					7D9BD555251124FB00C7EFE8 = {
						CreatedOnToolsVersion = 11.6;
					};
				};
			};
			buildConfigurationList = 7D9BD551251124FB00C7EFE8 /* Build configuration list for PBXProject "TinkoffApp" */;
			compatibilityVersion = "Xcode 9.3";
			developmentRegion = en;
			hasScannedForEncodings = 0;
			knownRegions = (
				en,
				Base,
			);
			mainGroup = 7D9BD54D251124FB00C7EFE8;
			productRefGroup = 7D9BD557251124FB00C7EFE8 /* Products */;
			projectDirPath = "";
			projectRoot = "";
			targets = (
				7D9BD555251124FB00C7EFE8 /* TinkoffApp */,
			);
		};
/* End PBXProject section */

/* Begin PBXResourcesBuildPhase section */
		7D9BD554251124FB00C7EFE8 /* Resources */ = {
			isa = PBXResourcesBuildPhase;
			buildActionMask = 2147483647;
			files = (
				7DA85208255C8B100067448A /* Main.storyboard in Resources */,
				7DA85207255C8B090067448A /* LaunchScreen.storyboard in Resources */,
				7D19304B25234CB000227843 /* ConversationViewCell.xib in Resources */,
				7D678F3E25641AE3003ABBAB /* ImagesView.storyboard in Resources */,
				7D755F01253F921A009282BD /* GoogleService-Info.plist in Resources */,
				7DB00D79252D105400DE922A /* ThemesView.storyboard in Resources */,
				7D1C9E9F2565607200362DD6 /* ImageCell.xib in Resources */,
				7D19305A2523BDBC00227843 /* ChatViewCell.xib in Resources */,
				7D7C919525193283003D479C /* ProfileView.storyboard in Resources */,
				7D9BD563251124FE00C7EFE8 /* Assets.xcassets in Resources */,
				7DA851FC255C7C050067448A /* ConversationView.storyboard in Resources */,
			);
			runOnlyForDeploymentPostprocessing = 0;
		};
/* End PBXResourcesBuildPhase section */

/* Begin PBXShellScriptBuildPhase section */
		47090BAADA9A71BCCFC68330 /* [CP] Embed Pods Frameworks */ = {
			isa = PBXShellScriptBuildPhase;
			buildActionMask = 2147483647;
			files = (
			);
			inputFileListPaths = (
				"${PODS_ROOT}/Target Support Files/Pods-TinkoffApp/Pods-TinkoffApp-frameworks-${CONFIGURATION}-input-files.xcfilelist",
			);
			name = "[CP] Embed Pods Frameworks";
			outputFileListPaths = (
				"${PODS_ROOT}/Target Support Files/Pods-TinkoffApp/Pods-TinkoffApp-frameworks-${CONFIGURATION}-output-files.xcfilelist",
			);
			runOnlyForDeploymentPostprocessing = 0;
			shellPath = /bin/sh;
			shellScript = "\"${PODS_ROOT}/Target Support Files/Pods-TinkoffApp/Pods-TinkoffApp-frameworks.sh\"\n";
			showEnvVarsInLog = 0;
		};
		7D755EFF253F7D9D009282BD /* ShellScript */ = {
			isa = PBXShellScriptBuildPhase;
			buildActionMask = 2147483647;
			files = (
			);
			inputFileListPaths = (
			);
			inputPaths = (
			);
			outputFileListPaths = (
			);
			outputPaths = (
			);
			runOnlyForDeploymentPostprocessing = 0;
			shellPath = /bin/sh;
			shellScript = "if which swiftlint >/dev/null; then\n    swiftlint\nelse\n    echo \"warning: SwiftLint not installed, download from https://github.com/realm/SwiftLint\"\nfi\n";
		};
		D17510E678401CADB938935B /* [CP] Check Pods Manifest.lock */ = {
			isa = PBXShellScriptBuildPhase;
			buildActionMask = 2147483647;
			files = (
			);
			inputFileListPaths = (
			);
			inputPaths = (
				"${PODS_PODFILE_DIR_PATH}/Podfile.lock",
				"${PODS_ROOT}/Manifest.lock",
			);
			name = "[CP] Check Pods Manifest.lock";
			outputFileListPaths = (
			);
			outputPaths = (
				"$(DERIVED_FILE_DIR)/Pods-TinkoffApp-checkManifestLockResult.txt",
			);
			runOnlyForDeploymentPostprocessing = 0;
			shellPath = /bin/sh;
			shellScript = "diff \"${PODS_PODFILE_DIR_PATH}/Podfile.lock\" \"${PODS_ROOT}/Manifest.lock\" > /dev/null\nif [ $? != 0 ] ; then\n    # print error to STDERR\n    echo \"error: The sandbox is not in sync with the Podfile.lock. Run 'pod install' or update your CocoaPods installation.\" >&2\n    exit 1\nfi\n# This output is used by Xcode 'outputs' to avoid re-running this script phase.\necho \"SUCCESS\" > \"${SCRIPT_OUTPUT_FILE_0}\"\n";
			showEnvVarsInLog = 0;
		};
/* End PBXShellScriptBuildPhase section */

/* Begin PBXSourcesBuildPhase section */
		7D9BD552251124FB00C7EFE8 /* Sources */ = {
			isa = PBXSourcesBuildPhase;
			buildActionMask = 2147483647;
			files = (
				7D592B78254B156C008B90EC /* CoreDataStackAsync.swift in Sources */,
				7D678F4A2564269F003ABBAB /* CodableParser.swift in Sources */,
				7D19305C2523BDE200227843 /* MessageCellModel.swift in Sources */,
				7DA8520F255CB1020067448A /* ChatModel.swift in Sources */,
				7D678F46256423E8003ABBAB /* IRequest.swift in Sources */,
				7DB00D7B252D1FFB00DE922A /* ThemesPickerDelegate.swift in Sources */,
				7D678F482564240C003ABBAB /* IParser.swift in Sources */,
				7D19304E25235C4A00227843 /* ConversationsListViewController.swift in Sources */,
				7D1930552523A51D00227843 /* ConversationViewController.swift in Sources */,
				7D9BD5922511367400C7EFE8 /* Logger.swift in Sources */,
				7D19304425234B7200227843 /* ConversationCellModel.swift in Sources */,
				7D1C9E9A25655BA200362DD6 /* ImageCellModel.swift in Sources */,
				7D678F4425642399003ABBAB /* RequestSender.swift in Sources */,
				7D19304725234C1700227843 /* ConfigurableView.swift in Sources */,
				7D1930592523BDBC00227843 /* ChatViewCell.swift in Sources */,
				7D678F3C25641AD5003ABBAB /* ImagesViewController.swift in Sources */,
				7D592B702549B36B008B90EC /* Chat.xcdatamodeld in Sources */,
				7D1C9E9E2565607200362DD6 /* ImageCell.swift in Sources */,
				7D678F50256436D3003ABBAB /* NetManager.swift in Sources */,
				7D592B76254A0D42008B90EC /* CoreDataManager.swift in Sources */,
				7DA599A82537583200B0F078 /* DataManager.swift in Sources */,
				7D7C9197251932D5003D479C /* ProfileViewController.swift in Sources */,
				7D755F0325409C1C009282BD /* UserIDManager.swift in Sources */,
				7D678F4E25643564003ABBAB /* RequestFactory.swift in Sources */,
				7DA85211255DB0B70067448A /* ChatListModel.swift in Sources */,
				7D9BD55A251124FB00C7EFE8 /* AppDelegate.swift in Sources */,
				7DA85213255DB7400067448A /* CoreAssembly.swift in Sources */,
				7D678F4C25643465003ABBAB /* ImagesRequest.swift in Sources */,
				7DA599A62536376900B0F078 /* OperationDataManager.swift in Sources */,
				7D592B722549B986008B90EC /* CoreDataStack.swift in Sources */,
				7DDCAC102551BE5800C2E0C2 /* TableViewDataSource.swift in Sources */,
				7DA85215255DBF9E0067448A /* UserIDSaver.swift in Sources */,
				7DA851F8255C78B80067448A /* RootAssembly.swift in Sources */,
				7DB00D76252D0FF500DE922A /* ThemesViewController.swift in Sources */,
				7DA85204255C833E0067448A /* RootNavigationViewController.swift in Sources */,
				7D592B742549C242008B90EC /* ObjectsExtensions.swift in Sources */,
				7DA599A42536375900B0F078 /* GCDDataManager.swift in Sources */,
				7D19304A25234CB000227843 /* ConversationViewCell.swift in Sources */,
				7DA85206255C84A80067448A /* ServicesAssembly.swift in Sources */,
				7DB00D7E252D8B1100DE922A /* ThemeManager.swift in Sources */,
				7DA85217255DBFB70067448A /* ThemeSaver.swift in Sources */,
			);
			runOnlyForDeploymentPostprocessing = 0;
		};
/* End PBXSourcesBuildPhase section */

/* Begin PBXVariantGroup section */
		7D9BD55F251124FB00C7EFE8 /* Main.storyboard */ = {
			isa = PBXVariantGroup;
			children = (
				7D9BD560251124FB00C7EFE8 /* Base */,
			);
			name = Main.storyboard;
			sourceTree = "<group>";
		};
		7D9BD564251124FE00C7EFE8 /* LaunchScreen.storyboard */ = {
			isa = PBXVariantGroup;
			children = (
				7D9BD565251124FE00C7EFE8 /* Base */,
			);
			name = LaunchScreen.storyboard;
			sourceTree = "<group>";
		};
/* End PBXVariantGroup section */

/* Begin XCBuildConfiguration section */
		7D9BD568251124FE00C7EFE8 /* Debug */ = {
			isa = XCBuildConfiguration;
			buildSettings = {
				ALWAYS_SEARCH_USER_PATHS = NO;
				CLANG_ANALYZER_NONNULL = YES;
				CLANG_ANALYZER_NUMBER_OBJECT_CONVERSION = YES_AGGRESSIVE;
				CLANG_CXX_LANGUAGE_STANDARD = "gnu++14";
				CLANG_CXX_LIBRARY = "libc++";
				CLANG_ENABLE_MODULES = YES;
				CLANG_ENABLE_OBJC_ARC = YES;
				CLANG_ENABLE_OBJC_WEAK = YES;
				CLANG_WARN_BLOCK_CAPTURE_AUTORELEASING = YES;
				CLANG_WARN_BOOL_CONVERSION = YES;
				CLANG_WARN_COMMA = YES;
				CLANG_WARN_CONSTANT_CONVERSION = YES;
				CLANG_WARN_DEPRECATED_OBJC_IMPLEMENTATIONS = YES;
				CLANG_WARN_DIRECT_OBJC_ISA_USAGE = YES_ERROR;
				CLANG_WARN_DOCUMENTATION_COMMENTS = YES;
				CLANG_WARN_EMPTY_BODY = YES;
				CLANG_WARN_ENUM_CONVERSION = YES;
				CLANG_WARN_INFINITE_RECURSION = YES;
				CLANG_WARN_INT_CONVERSION = YES;
				CLANG_WARN_NON_LITERAL_NULL_CONVERSION = YES;
				CLANG_WARN_OBJC_IMPLICIT_RETAIN_SELF = YES;
				CLANG_WARN_OBJC_LITERAL_CONVERSION = YES;
				CLANG_WARN_OBJC_ROOT_CLASS = YES_ERROR;
				CLANG_WARN_RANGE_LOOP_ANALYSIS = YES;
				CLANG_WARN_STRICT_PROTOTYPES = YES;
				CLANG_WARN_SUSPICIOUS_MOVE = YES;
				CLANG_WARN_UNGUARDED_AVAILABILITY = YES_AGGRESSIVE;
				CLANG_WARN_UNREACHABLE_CODE = YES;
				CLANG_WARN__DUPLICATE_METHOD_MATCH = YES;
				COPY_PHASE_STRIP = NO;
				DEBUG_INFORMATION_FORMAT = dwarf;
				ENABLE_STRICT_OBJC_MSGSEND = YES;
				ENABLE_TESTABILITY = YES;
				GCC_C_LANGUAGE_STANDARD = gnu11;
				GCC_DYNAMIC_NO_PIC = NO;
				GCC_NO_COMMON_BLOCKS = YES;
				GCC_OPTIMIZATION_LEVEL = 0;
				GCC_PREPROCESSOR_DEFINITIONS = (
					"DEBUG=1",
					"$(inherited)",
				);
				GCC_WARN_64_TO_32_BIT_CONVERSION = YES;
				GCC_WARN_ABOUT_RETURN_TYPE = YES_ERROR;
				GCC_WARN_UNDECLARED_SELECTOR = YES;
				GCC_WARN_UNINITIALIZED_AUTOS = YES_AGGRESSIVE;
				GCC_WARN_UNUSED_FUNCTION = YES;
				GCC_WARN_UNUSED_VARIABLE = YES;
				IPHONEOS_DEPLOYMENT_TARGET = 13.6;
				MTL_ENABLE_DEBUG_INFO = INCLUDE_SOURCE;
				MTL_FAST_MATH = YES;
				ONLY_ACTIVE_ARCH = YES;
				SDKROOT = iphoneos;
				SWIFT_ACTIVE_COMPILATION_CONDITIONS = DEBUG;
				SWIFT_OPTIMIZATION_LEVEL = "-Onone";
			};
			name = Debug;
		};
		7D9BD569251124FE00C7EFE8 /* Release */ = {
			isa = XCBuildConfiguration;
			buildSettings = {
				ALWAYS_SEARCH_USER_PATHS = NO;
				CLANG_ANALYZER_NONNULL = YES;
				CLANG_ANALYZER_NUMBER_OBJECT_CONVERSION = YES_AGGRESSIVE;
				CLANG_CXX_LANGUAGE_STANDARD = "gnu++14";
				CLANG_CXX_LIBRARY = "libc++";
				CLANG_ENABLE_MODULES = YES;
				CLANG_ENABLE_OBJC_ARC = YES;
				CLANG_ENABLE_OBJC_WEAK = YES;
				CLANG_WARN_BLOCK_CAPTURE_AUTORELEASING = YES;
				CLANG_WARN_BOOL_CONVERSION = YES;
				CLANG_WARN_COMMA = YES;
				CLANG_WARN_CONSTANT_CONVERSION = YES;
				CLANG_WARN_DEPRECATED_OBJC_IMPLEMENTATIONS = YES;
				CLANG_WARN_DIRECT_OBJC_ISA_USAGE = YES_ERROR;
				CLANG_WARN_DOCUMENTATION_COMMENTS = YES;
				CLANG_WARN_EMPTY_BODY = YES;
				CLANG_WARN_ENUM_CONVERSION = YES;
				CLANG_WARN_INFINITE_RECURSION = YES;
				CLANG_WARN_INT_CONVERSION = YES;
				CLANG_WARN_NON_LITERAL_NULL_CONVERSION = YES;
				CLANG_WARN_OBJC_IMPLICIT_RETAIN_SELF = YES;
				CLANG_WARN_OBJC_LITERAL_CONVERSION = YES;
				CLANG_WARN_OBJC_ROOT_CLASS = YES_ERROR;
				CLANG_WARN_RANGE_LOOP_ANALYSIS = YES;
				CLANG_WARN_STRICT_PROTOTYPES = YES;
				CLANG_WARN_SUSPICIOUS_MOVE = YES;
				CLANG_WARN_UNGUARDED_AVAILABILITY = YES_AGGRESSIVE;
				CLANG_WARN_UNREACHABLE_CODE = YES;
				CLANG_WARN__DUPLICATE_METHOD_MATCH = YES;
				COPY_PHASE_STRIP = NO;
				DEBUG_INFORMATION_FORMAT = "dwarf-with-dsym";
				ENABLE_NS_ASSERTIONS = NO;
				ENABLE_STRICT_OBJC_MSGSEND = YES;
				GCC_C_LANGUAGE_STANDARD = gnu11;
				GCC_NO_COMMON_BLOCKS = YES;
				GCC_WARN_64_TO_32_BIT_CONVERSION = YES;
				GCC_WARN_ABOUT_RETURN_TYPE = YES_ERROR;
				GCC_WARN_UNDECLARED_SELECTOR = YES;
				GCC_WARN_UNINITIALIZED_AUTOS = YES_AGGRESSIVE;
				GCC_WARN_UNUSED_FUNCTION = YES;
				GCC_WARN_UNUSED_VARIABLE = YES;
				IPHONEOS_DEPLOYMENT_TARGET = 13.6;
				MTL_ENABLE_DEBUG_INFO = NO;
				MTL_FAST_MATH = YES;
				SDKROOT = iphoneos;
				SWIFT_COMPILATION_MODE = wholemodule;
				SWIFT_OPTIMIZATION_LEVEL = "-O";
				VALIDATE_PRODUCT = YES;
			};
			name = Release;
		};
		7D9BD56B251124FE00C7EFE8 /* Debug */ = {
			isa = XCBuildConfiguration;
			baseConfigurationReference = A03CBAFF21F65724AAFB0499 /* Pods-TinkoffApp.debug.xcconfig */;
			buildSettings = {
				ASSETCATALOG_COMPILER_APPICON_NAME = AppIcon;
				CODE_SIGN_STYLE = Automatic;
				DEVELOPMENT_TEAM = "";
				INFOPLIST_FILE = TinkoffApp/Info.plist;
				IPHONEOS_DEPLOYMENT_TARGET = 12.0;
				LD_RUNPATH_SEARCH_PATHS = (
					"$(inherited)",
					"@executable_path/Frameworks",
				);
				PRODUCT_BUNDLE_IDENTIFIER = ru.tinkoff.TinkoffChat;
				PRODUCT_NAME = "$(TARGET_NAME)";
				SWIFT_VERSION = 5.0;
				TARGETED_DEVICE_FAMILY = "1,2";
			};
			name = Debug;
		};
		7D9BD56C251124FE00C7EFE8 /* Release */ = {
			isa = XCBuildConfiguration;
			baseConfigurationReference = D185DB1554DE31DB1EFD7DBF /* Pods-TinkoffApp.release.xcconfig */;
			buildSettings = {
				ASSETCATALOG_COMPILER_APPICON_NAME = AppIcon;
				CODE_SIGN_STYLE = Automatic;
				DEVELOPMENT_TEAM = "";
				INFOPLIST_FILE = TinkoffApp/Info.plist;
				IPHONEOS_DEPLOYMENT_TARGET = 12.0;
				LD_RUNPATH_SEARCH_PATHS = (
					"$(inherited)",
					"@executable_path/Frameworks",
				);
				PRODUCT_BUNDLE_IDENTIFIER = ru.tinkoff.TinkoffChat;
				PRODUCT_NAME = "$(TARGET_NAME)";
				SWIFT_VERSION = 5.0;
				TARGETED_DEVICE_FAMILY = "1,2";
			};
			name = Release;
		};
/* End XCBuildConfiguration section */

/* Begin XCConfigurationList section */
		7D9BD551251124FB00C7EFE8 /* Build configuration list for PBXProject "TinkoffApp" */ = {
			isa = XCConfigurationList;
			buildConfigurations = (
				7D9BD568251124FE00C7EFE8 /* Debug */,
				7D9BD569251124FE00C7EFE8 /* Release */,
			);
			defaultConfigurationIsVisible = 0;
			defaultConfigurationName = Release;
		};
		7D9BD56A251124FE00C7EFE8 /* Build configuration list for PBXNativeTarget "TinkoffApp" */ = {
			isa = XCConfigurationList;
			buildConfigurations = (
				7D9BD56B251124FE00C7EFE8 /* Debug */,
				7D9BD56C251124FE00C7EFE8 /* Release */,
			);
			defaultConfigurationIsVisible = 0;
			defaultConfigurationName = Release;
		};
/* End XCConfigurationList section */

/* Begin XCVersionGroup section */
		7D592B6E2549B36B008B90EC /* Chat.xcdatamodeld */ = {
			isa = XCVersionGroup;
			children = (
				7D592B6F2549B36B008B90EC /* Chat.xcdatamodel */,
			);
			currentVersion = 7D592B6F2549B36B008B90EC /* Chat.xcdatamodel */;
			path = Chat.xcdatamodeld;
			sourceTree = "<group>";
			versionGroupType = wrapper.xcdatamodel;
		};
/* End XCVersionGroup section */
	};
	rootObject = 7D9BD54E251124FB00C7EFE8 /* Project object */;
}
