// !$*UTF8*$!
{
	archiveVersion = 1;
	classes = {
	};
	objectVersion = 50;
	objects = {

/* Begin PBXBuildFile section */
		7D19304425234B7200227843 /* ConversationCellModel.swift in Sources */ = {isa = PBXBuildFile; fileRef = 7D19304325234B7200227843 /* ConversationCellModel.swift */; };
		7D19304725234C1700227843 /* ConfigurableView.swift in Sources */ = {isa = PBXBuildFile; fileRef = 7D19304625234C1700227843 /* ConfigurableView.swift */; };
		7D19304A25234CB000227843 /* ConversationViewCell.swift in Sources */ = {isa = PBXBuildFile; fileRef = 7D19304825234CB000227843 /* ConversationViewCell.swift */; };
		7D19304B25234CB000227843 /* ConversationViewCell.xib in Resources */ = {isa = PBXBuildFile; fileRef = 7D19304925234CB000227843 /* ConversationViewCell.xib */; };
		7D19304E25235C4A00227843 /* ConversationsListViewController.swift in Sources */ = {isa = PBXBuildFile; fileRef = 7D19304D25235C4A00227843 /* ConversationsListViewController.swift */; };
		7D1930552523A51D00227843 /* ConversationViewController.swift in Sources */ = {isa = PBXBuildFile; fileRef = 7D1930532523A51D00227843 /* ConversationViewController.swift */; };
		7D1930592523BDBC00227843 /* ChatViewCell.swift in Sources */ = {isa = PBXBuildFile; fileRef = 7D1930572523BDBC00227843 /* ChatViewCell.swift */; };
		7D19305A2523BDBC00227843 /* ChatViewCell.xib in Resources */ = {isa = PBXBuildFile; fileRef = 7D1930582523BDBC00227843 /* ChatViewCell.xib */; };
		7D19305C2523BDE200227843 /* MessageCellModel.swift in Sources */ = {isa = PBXBuildFile; fileRef = 7D19305B2523BDE200227843 /* MessageCellModel.swift */; };
		7D7C919525193283003D479C /* ProfileView.storyboard in Resources */ = {isa = PBXBuildFile; fileRef = 7D7C919425193283003D479C /* ProfileView.storyboard */; };
		7D7C9197251932D5003D479C /* ProfileViewController.swift in Sources */ = {isa = PBXBuildFile; fileRef = 7D7C9196251932D5003D479C /* ProfileViewController.swift */; };
		7D9BD55A251124FB00C7EFE8 /* AppDelegate.swift in Sources */ = {isa = PBXBuildFile; fileRef = 7D9BD559251124FB00C7EFE8 /* AppDelegate.swift */; };
		7D9BD55E251124FB00C7EFE8 /* ViewController.swift in Sources */ = {isa = PBXBuildFile; fileRef = 7D9BD55D251124FB00C7EFE8 /* ViewController.swift */; };
		7D9BD561251124FB00C7EFE8 /* Main.storyboard in Resources */ = {isa = PBXBuildFile; fileRef = 7D9BD55F251124FB00C7EFE8 /* Main.storyboard */; };
		7D9BD563251124FE00C7EFE8 /* Assets.xcassets in Resources */ = {isa = PBXBuildFile; fileRef = 7D9BD562251124FE00C7EFE8 /* Assets.xcassets */; };
		7D9BD566251124FE00C7EFE8 /* LaunchScreen.storyboard in Resources */ = {isa = PBXBuildFile; fileRef = 7D9BD564251124FE00C7EFE8 /* LaunchScreen.storyboard */; };
		7D9BD5922511367400C7EFE8 /* Logger.swift in Sources */ = {isa = PBXBuildFile; fileRef = 7D9BD5912511367400C7EFE8 /* Logger.swift */; };
/* End PBXBuildFile section */

/* Begin PBXFileReference section */
		7D19304325234B7200227843 /* ConversationCellModel.swift */ = {isa = PBXFileReference; lastKnownFileType = sourcecode.swift; path = ConversationCellModel.swift; sourceTree = "<group>"; };
		7D19304625234C1700227843 /* ConfigurableView.swift */ = {isa = PBXFileReference; lastKnownFileType = sourcecode.swift; path = ConfigurableView.swift; sourceTree = "<group>"; };
		7D19304825234CB000227843 /* ConversationViewCell.swift */ = {isa = PBXFileReference; lastKnownFileType = sourcecode.swift; path = ConversationViewCell.swift; sourceTree = "<group>"; };
		7D19304925234CB000227843 /* ConversationViewCell.xib */ = {isa = PBXFileReference; lastKnownFileType = file.xib; path = ConversationViewCell.xib; sourceTree = "<group>"; };
		7D19304D25235C4A00227843 /* ConversationsListViewController.swift */ = {isa = PBXFileReference; lastKnownFileType = sourcecode.swift; path = ConversationsListViewController.swift; sourceTree = "<group>"; };
		7D1930532523A51D00227843 /* ConversationViewController.swift */ = {isa = PBXFileReference; lastKnownFileType = sourcecode.swift; path = ConversationViewController.swift; sourceTree = "<group>"; };
		7D1930572523BDBC00227843 /* ChatViewCell.swift */ = {isa = PBXFileReference; lastKnownFileType = sourcecode.swift; path = ChatViewCell.swift; sourceTree = "<group>"; };
		7D1930582523BDBC00227843 /* ChatViewCell.xib */ = {isa = PBXFileReference; lastKnownFileType = file.xib; path = ChatViewCell.xib; sourceTree = "<group>"; };
		7D19305B2523BDE200227843 /* MessageCellModel.swift */ = {isa = PBXFileReference; lastKnownFileType = sourcecode.swift; path = MessageCellModel.swift; sourceTree = "<group>"; };
		7D7C919425193283003D479C /* ProfileView.storyboard */ = {isa = PBXFileReference; lastKnownFileType = file.storyboard; path = ProfileView.storyboard; sourceTree = "<group>"; };
		7D7C9196251932D5003D479C /* ProfileViewController.swift */ = {isa = PBXFileReference; lastKnownFileType = sourcecode.swift; path = ProfileViewController.swift; sourceTree = "<group>"; };
		7D9BD556251124FB00C7EFE8 /* TinkoffApp.app */ = {isa = PBXFileReference; explicitFileType = wrapper.application; includeInIndex = 0; path = TinkoffApp.app; sourceTree = BUILT_PRODUCTS_DIR; };
		7D9BD559251124FB00C7EFE8 /* AppDelegate.swift */ = {isa = PBXFileReference; lastKnownFileType = sourcecode.swift; path = AppDelegate.swift; sourceTree = "<group>"; };
		7D9BD55D251124FB00C7EFE8 /* ViewController.swift */ = {isa = PBXFileReference; lastKnownFileType = sourcecode.swift; path = ViewController.swift; sourceTree = "<group>"; };
		7D9BD560251124FB00C7EFE8 /* Base */ = {isa = PBXFileReference; lastKnownFileType = file.storyboard; name = Base; path = Base.lproj/Main.storyboard; sourceTree = "<group>"; };
		7D9BD562251124FE00C7EFE8 /* Assets.xcassets */ = {isa = PBXFileReference; lastKnownFileType = folder.assetcatalog; path = Assets.xcassets; sourceTree = "<group>"; };
		7D9BD565251124FE00C7EFE8 /* Base */ = {isa = PBXFileReference; lastKnownFileType = file.storyboard; name = Base; path = Base.lproj/LaunchScreen.storyboard; sourceTree = "<group>"; };
		7D9BD567251124FE00C7EFE8 /* Info.plist */ = {isa = PBXFileReference; lastKnownFileType = text.plist.xml; path = Info.plist; sourceTree = "<group>"; };
		7D9BD5912511367400C7EFE8 /* Logger.swift */ = {isa = PBXFileReference; lastKnownFileType = sourcecode.swift; path = Logger.swift; sourceTree = "<group>"; };
/* End PBXFileReference section */

/* Begin PBXFrameworksBuildPhase section */
		7D9BD553251124FB00C7EFE8 /* Frameworks */ = {
			isa = PBXFrameworksBuildPhase;
			buildActionMask = 2147483647;
			files = (
			);
			runOnlyForDeploymentPostprocessing = 0;
		};
/* End PBXFrameworksBuildPhase section */

/* Begin PBXGroup section */
		7D19304225234B4A00227843 /* Models */ = {
			isa = PBXGroup;
			children = (
				7D19304325234B7200227843 /* ConversationCellModel.swift */,
				7D19305B2523BDE200227843 /* MessageCellModel.swift */,
			);
			path = Models;
			sourceTree = "<group>";
		};
		7D19304525234BFF00227843 /* Protocols */ = {
			isa = PBXGroup;
			children = (
				7D19304625234C1700227843 /* ConfigurableView.swift */,
			);
			path = Protocols;
			sourceTree = "<group>";
		};
		7D19304C252350FF00227843 /* CustonUI */ = {
			isa = PBXGroup;
			children = (
				7D19304825234CB000227843 /* ConversationViewCell.swift */,
				7D19304925234CB000227843 /* ConversationViewCell.xib */,
				7D1930572523BDBC00227843 /* ChatViewCell.swift */,
				7D1930582523BDBC00227843 /* ChatViewCell.xib */,
			);
			path = CustonUI;
			sourceTree = "<group>";
		};
		7D19305E252502F600227843 /* ViewControllers */ = {
			isa = PBXGroup;
			children = (
				7D9BD55D251124FB00C7EFE8 /* ViewController.swift */,
				7D9BD55F251124FB00C7EFE8 /* Main.storyboard */,
				7D7C919425193283003D479C /* ProfileView.storyboard */,
				7D7C9196251932D5003D479C /* ProfileViewController.swift */,
				7D19304D25235C4A00227843 /* ConversationsListViewController.swift */,
				7D1930532523A51D00227843 /* ConversationViewController.swift */,
			);
			name = ViewControllers;
			sourceTree = "<group>";
		};
		7D9BD54D251124FB00C7EFE8 = {
			isa = PBXGroup;
			children = (
				7D9BD558251124FB00C7EFE8 /* TinkoffApp */,
				7D9BD557251124FB00C7EFE8 /* Products */,
			);
			sourceTree = "<group>";
		};
		7D9BD557251124FB00C7EFE8 /* Products */ = {
			isa = PBXGroup;
			children = (
				7D9BD556251124FB00C7EFE8 /* TinkoffApp.app */,
			);
			name = Products;
			sourceTree = "<group>";
		};
		7D9BD558251124FB00C7EFE8 /* TinkoffApp */ = {
			isa = PBXGroup;
			children = (
				7D19305E252502F600227843 /* ViewControllers */,
				7D19304525234BFF00227843 /* Protocols */,
				7D19304225234B4A00227843 /* Models */,
				7D9BD559251124FB00C7EFE8 /* AppDelegate.swift */,
				7D9BD562251124FE00C7EFE8 /* Assets.xcassets */,
				7D9BD564251124FE00C7EFE8 /* LaunchScreen.storyboard */,
				7D9BD567251124FE00C7EFE8 /* Info.plist */,
				7D9BD5912511367400C7EFE8 /* Logger.swift */,
				7D19304C252350FF00227843 /* CustonUI */,
			);
			path = TinkoffApp;
			sourceTree = "<group>";
		};
/* End PBXGroup section */

/* Begin PBXNativeTarget section */
		7D9BD555251124FB00C7EFE8 /* TinkoffApp */ = {
			isa = PBXNativeTarget;
			buildConfigurationList = 7D9BD56A251124FE00C7EFE8 /* Build configuration list for PBXNativeTarget "TinkoffApp" */;
			buildPhases = (
				7D9BD552251124FB00C7EFE8 /* Sources */,
				7D9BD553251124FB00C7EFE8 /* Frameworks */,
				7D9BD554251124FB00C7EFE8 /* Resources */,
			);
			buildRules = (
			);
			dependencies = (
			);
			name = TinkoffApp;
			productName = TinkoffApp;
			productReference = 7D9BD556251124FB00C7EFE8 /* TinkoffApp.app */;
			productType = "com.apple.product-type.application";
		};
/* End PBXNativeTarget section */

/* Begin PBXProject section */
		7D9BD54E251124FB00C7EFE8 /* Project object */ = {
			isa = PBXProject;
			attributes = {
				LastSwiftUpdateCheck = 1160;
				LastUpgradeCheck = 1160;
				ORGANIZATIONNAME = Tinkoff;
				TargetAttributes = {
					7D9BD555251124FB00C7EFE8 = {
						CreatedOnToolsVersion = 11.6;
					};
				};
			};
			buildConfigurationList = 7D9BD551251124FB00C7EFE8 /* Build configuration list for PBXProject "TinkoffApp" */;
			compatibilityVersion = "Xcode 9.3";
			developmentRegion = en;
			hasScannedForEncodings = 0;
			knownRegions = (
				en,
				Base,
			);
			mainGroup = 7D9BD54D251124FB00C7EFE8;
			productRefGroup = 7D9BD557251124FB00C7EFE8 /* Products */;
			projectDirPath = "";
			projectRoot = "";
			targets = (
				7D9BD555251124FB00C7EFE8 /* TinkoffApp */,
			);
		};
/* End PBXProject section */

/* Begin PBXResourcesBuildPhase section */
		7D9BD554251124FB00C7EFE8 /* Resources */ = {
			isa = PBXResourcesBuildPhase;
			buildActionMask = 2147483647;
			files = (
				7D19304B25234CB000227843 /* ConversationViewCell.xib in Resources */,
				7D9BD566251124FE00C7EFE8 /* LaunchScreen.storyboard in Resources */,
				7D19305A2523BDBC00227843 /* ChatViewCell.xib in Resources */,
				7D7C919525193283003D479C /* ProfileView.storyboard in Resources */,
				7D9BD563251124FE00C7EFE8 /* Assets.xcassets in Resources */,
				7D9BD561251124FB00C7EFE8 /* Main.storyboard in Resources */,
			);
			runOnlyForDeploymentPostprocessing = 0;
		};
/* End PBXResourcesBuildPhase section */

/* Begin PBXSourcesBuildPhase section */
		7D9BD552251124FB00C7EFE8 /* Sources */ = {
			isa = PBXSourcesBuildPhase;
			buildActionMask = 2147483647;
			files = (
				7D9BD55E251124FB00C7EFE8 /* ViewController.swift in Sources */,
				7D19305C2523BDE200227843 /* MessageCellModel.swift in Sources */,
				7D19304E25235C4A00227843 /* ConversationsListViewController.swift in Sources */,
				7D1930552523A51D00227843 /* ConversationViewController.swift in Sources */,
				7D9BD5922511367400C7EFE8 /* Logger.swift in Sources */,
				7D19304425234B7200227843 /* ConversationCellModel.swift in Sources */,
				7D19304725234C1700227843 /* ConfigurableView.swift in Sources */,
				7D1930592523BDBC00227843 /* ChatViewCell.swift in Sources */,
				7D7C9197251932D5003D479C /* ProfileViewController.swift in Sources */,
				7D9BD55A251124FB00C7EFE8 /* AppDelegate.swift in Sources */,
				7D19304A25234CB000227843 /* ConversationViewCell.swift in Sources */,
			);
			runOnlyForDeploymentPostprocessing = 0;
		};
/* End PBXSourcesBuildPhase section */

/* Begin PBXVariantGroup section */
		7D9BD55F251124FB00C7EFE8 /* Main.storyboard */ = {
			isa = PBXVariantGroup;
			children = (
				7D9BD560251124FB00C7EFE8 /* Base */,
			);
			name = Main.storyboard;
			sourceTree = "<group>";
		};
		7D9BD564251124FE00C7EFE8 /* LaunchScreen.storyboard */ = {
			isa = PBXVariantGroup;
			children = (
				7D9BD565251124FE00C7EFE8 /* Base */,
			);
			name = LaunchScreen.storyboard;
			sourceTree = "<group>";
		};
/* End PBXVariantGroup section */

/* Begin XCBuildConfiguration section */
		7D9BD568251124FE00C7EFE8 /* Debug */ = {
			isa = XCBuildConfiguration;
			buildSettings = {
				ALWAYS_SEARCH_USER_PATHS = NO;
				CLANG_ANALYZER_NONNULL = YES;
				CLANG_ANALYZER_NUMBER_OBJECT_CONVERSION = YES_AGGRESSIVE;
				CLANG_CXX_LANGUAGE_STANDARD = "gnu++14";
				CLANG_CXX_LIBRARY = "libc++";
				CLANG_ENABLE_MODULES = YES;
				CLANG_ENABLE_OBJC_ARC = YES;
				CLANG_ENABLE_OBJC_WEAK = YES;
				CLANG_WARN_BLOCK_CAPTURE_AUTORELEASING = YES;
				CLANG_WARN_BOOL_CONVERSION = YES;
				CLANG_WARN_COMMA = YES;
				CLANG_WARN_CONSTANT_CONVERSION = YES;
				CLANG_WARN_DEPRECATED_OBJC_IMPLEMENTATIONS = YES;
				CLANG_WARN_DIRECT_OBJC_ISA_USAGE = YES_ERROR;
				CLANG_WARN_DOCUMENTATION_COMMENTS = YES;
				CLANG_WARN_EMPTY_BODY = YES;
				CLANG_WARN_ENUM_CONVERSION = YES;
				CLANG_WARN_INFINITE_RECURSION = YES;
				CLANG_WARN_INT_CONVERSION = YES;
				CLANG_WARN_NON_LITERAL_NULL_CONVERSION = YES;
				CLANG_WARN_OBJC_IMPLICIT_RETAIN_SELF = YES;
				CLANG_WARN_OBJC_LITERAL_CONVERSION = YES;
				CLANG_WARN_OBJC_ROOT_CLASS = YES_ERROR;
				CLANG_WARN_RANGE_LOOP_ANALYSIS = YES;
				CLANG_WARN_STRICT_PROTOTYPES = YES;
				CLANG_WARN_SUSPICIOUS_MOVE = YES;
				CLANG_WARN_UNGUARDED_AVAILABILITY = YES_AGGRESSIVE;
				CLANG_WARN_UNREACHABLE_CODE = YES;
				CLANG_WARN__DUPLICATE_METHOD_MATCH = YES;
				COPY_PHASE_STRIP = NO;
				DEBUG_INFORMATION_FORMAT = dwarf;
				ENABLE_STRICT_OBJC_MSGSEND = YES;
				ENABLE_TESTABILITY = YES;
				GCC_C_LANGUAGE_STANDARD = gnu11;
				GCC_DYNAMIC_NO_PIC = NO;
				GCC_NO_COMMON_BLOCKS = YES;
				GCC_OPTIMIZATION_LEVEL = 0;
				GCC_PREPROCESSOR_DEFINITIONS = (
					"DEBUG=1",
					"$(inherited)",
				);
				GCC_WARN_64_TO_32_BIT_CONVERSION = YES;
				GCC_WARN_ABOUT_RETURN_TYPE = YES_ERROR;
				GCC_WARN_UNDECLARED_SELECTOR = YES;
				GCC_WARN_UNINITIALIZED_AUTOS = YES_AGGRESSIVE;
				GCC_WARN_UNUSED_FUNCTION = YES;
				GCC_WARN_UNUSED_VARIABLE = YES;
				IPHONEOS_DEPLOYMENT_TARGET = 13.6;
				MTL_ENABLE_DEBUG_INFO = INCLUDE_SOURCE;
				MTL_FAST_MATH = YES;
				ONLY_ACTIVE_ARCH = YES;
				SDKROOT = iphoneos;
				SWIFT_ACTIVE_COMPILATION_CONDITIONS = DEBUG;
				SWIFT_OPTIMIZATION_LEVEL = "-Onone";
			};
			name = Debug;
		};
		7D9BD569251124FE00C7EFE8 /* Release */ = {
			isa = XCBuildConfiguration;
			buildSettings = {
				ALWAYS_SEARCH_USER_PATHS = NO;
				CLANG_ANALYZER_NONNULL = YES;
				CLANG_ANALYZER_NUMBER_OBJECT_CONVERSION = YES_AGGRESSIVE;
				CLANG_CXX_LANGUAGE_STANDARD = "gnu++14";
				CLANG_CXX_LIBRARY = "libc++";
				CLANG_ENABLE_MODULES = YES;
				CLANG_ENABLE_OBJC_ARC = YES;
				CLANG_ENABLE_OBJC_WEAK = YES;
				CLANG_WARN_BLOCK_CAPTURE_AUTORELEASING = YES;
				CLANG_WARN_BOOL_CONVERSION = YES;
				CLANG_WARN_COMMA = YES;
				CLANG_WARN_CONSTANT_CONVERSION = YES;
				CLANG_WARN_DEPRECATED_OBJC_IMPLEMENTATIONS = YES;
				CLANG_WARN_DIRECT_OBJC_ISA_USAGE = YES_ERROR;
				CLANG_WARN_DOCUMENTATION_COMMENTS = YES;
				CLANG_WARN_EMPTY_BODY = YES;
				CLANG_WARN_ENUM_CONVERSION = YES;
				CLANG_WARN_INFINITE_RECURSION = YES;
				CLANG_WARN_INT_CONVERSION = YES;
				CLANG_WARN_NON_LITERAL_NULL_CONVERSION = YES;
				CLANG_WARN_OBJC_IMPLICIT_RETAIN_SELF = YES;
				CLANG_WARN_OBJC_LITERAL_CONVERSION = YES;
				CLANG_WARN_OBJC_ROOT_CLASS = YES_ERROR;
				CLANG_WARN_RANGE_LOOP_ANALYSIS = YES;
				CLANG_WARN_STRICT_PROTOTYPES = YES;
				CLANG_WARN_SUSPICIOUS_MOVE = YES;
				CLANG_WARN_UNGUARDED_AVAILABILITY = YES_AGGRESSIVE;
				CLANG_WARN_UNREACHABLE_CODE = YES;
				CLANG_WARN__DUPLICATE_METHOD_MATCH = YES;
				COPY_PHASE_STRIP = NO;
				DEBUG_INFORMATION_FORMAT = "dwarf-with-dsym";
				ENABLE_NS_ASSERTIONS = NO;
				ENABLE_STRICT_OBJC_MSGSEND = YES;
				GCC_C_LANGUAGE_STANDARD = gnu11;
				GCC_NO_COMMON_BLOCKS = YES;
				GCC_WARN_64_TO_32_BIT_CONVERSION = YES;
				GCC_WARN_ABOUT_RETURN_TYPE = YES_ERROR;
				GCC_WARN_UNDECLARED_SELECTOR = YES;
				GCC_WARN_UNINITIALIZED_AUTOS = YES_AGGRESSIVE;
				GCC_WARN_UNUSED_FUNCTION = YES;
				GCC_WARN_UNUSED_VARIABLE = YES;
				IPHONEOS_DEPLOYMENT_TARGET = 13.6;
				MTL_ENABLE_DEBUG_INFO = NO;
				MTL_FAST_MATH = YES;
				SDKROOT = iphoneos;
				SWIFT_COMPILATION_MODE = wholemodule;
				SWIFT_OPTIMIZATION_LEVEL = "-O";
				VALIDATE_PRODUCT = YES;
			};
			name = Release;
		};
		7D9BD56B251124FE00C7EFE8 /* Debug */ = {
			isa = XCBuildConfiguration;
			buildSettings = {
				ASSETCATALOG_COMPILER_APPICON_NAME = AppIcon;
				CODE_SIGN_STYLE = Automatic;
				DEVELOPMENT_TEAM = "";
				INFOPLIST_FILE = TinkoffApp/Info.plist;
				IPHONEOS_DEPLOYMENT_TARGET = 12.0;
				LD_RUNPATH_SEARCH_PATHS = (
					"$(inherited)",
					"@executable_path/Frameworks",
				);
				PRODUCT_BUNDLE_IDENTIFIER = com.tinkoff.TinkoffApp;
				PRODUCT_NAME = "$(TARGET_NAME)";
				SWIFT_VERSION = 5.0;
				TARGETED_DEVICE_FAMILY = "1,2";
			};
			name = Debug;
		};
		7D9BD56C251124FE00C7EFE8 /* Release */ = {
			isa = XCBuildConfiguration;
			buildSettings = {
				ASSETCATALOG_COMPILER_APPICON_NAME = AppIcon;
				CODE_SIGN_STYLE = Automatic;
				DEVELOPMENT_TEAM = "";
				INFOPLIST_FILE = TinkoffApp/Info.plist;
				IPHONEOS_DEPLOYMENT_TARGET = 12.0;
				LD_RUNPATH_SEARCH_PATHS = (
					"$(inherited)",
					"@executable_path/Frameworks",
				);
				PRODUCT_BUNDLE_IDENTIFIER = com.tinkoff.TinkoffApp;
				PRODUCT_NAME = "$(TARGET_NAME)";
				SWIFT_VERSION = 5.0;
				TARGETED_DEVICE_FAMILY = "1,2";
			};
			name = Release;
		};
/* End XCBuildConfiguration section */

/* Begin XCConfigurationList section */
		7D9BD551251124FB00C7EFE8 /* Build configuration list for PBXProject "TinkoffApp" */ = {
			isa = XCConfigurationList;
			buildConfigurations = (
				7D9BD568251124FE00C7EFE8 /* Debug */,
				7D9BD569251124FE00C7EFE8 /* Release */,
			);
			defaultConfigurationIsVisible = 0;
			defaultConfigurationName = Release;
		};
		7D9BD56A251124FE00C7EFE8 /* Build configuration list for PBXNativeTarget "TinkoffApp" */ = {
			isa = XCConfigurationList;
			buildConfigurations = (
				7D9BD56B251124FE00C7EFE8 /* Debug */,
				7D9BD56C251124FE00C7EFE8 /* Release */,
			);
			defaultConfigurationIsVisible = 0;
			defaultConfigurationName = Release;
		};
/* End XCConfigurationList section */
	};
	rootObject = 7D9BD54E251124FB00C7EFE8 /* Project object */;
}
